
Microsoft Visual Studio Solution File, Format Version 12.00
# Visual Studio Version 17
VisualStudioVersion = 17.14.36310.24 d17.14
MinimumVisualStudioVersion = 10.0.40219.1
Project("{FAE04EC0-301F-11D3-BF4B-00C04F79EFBC}") = "Presentation", "Presentation\Presentation.csproj", "{A0338733-6564-4554-A910-6CD0B38156B3}"
EndProject
Global
	GlobalSection(SolutionConfigurationPlatforms) = preSolution
		Debug|Any CPU = Debug|Any CPU
		Release|Any CPU = Release|Any CPU
	EndGlobalSection
	GlobalSection(ProjectConfigurationPlatforms) = postSolution
		{A0338733-6564-4554-A910-6CD0B38156B3}.Debug|Any CPU.ActiveCfg = Debug|Any CPU
		{A0338733-6564-4554-A910-6CD0B38156B3}.Debug|Any CPU.Build.0 = Debug|Any CPU
		{A0338733-6564-4554-A910-6CD0B38156B3}.Release|Any CPU.ActiveCfg = Release|Any CPU
		{A0338733-6564-4554-A910-6CD0B38156B3}.Release|Any CPU.Build.0 = Release|Any CPU
	EndGlobalSection
	GlobalSection(SolutionProperties) = preSolution
		HideSolutionNode = FALSE
	EndGlobalSection
	GlobalSection(ExtensibilityGlobals) = postSolution
		SolutionGuid = {C21C8C89-186D-4E4A-A416-5AE50ECB153B}
	EndGlobalSection
EndGlobal
